
Microsoft Visual Studio Solution File, Format Version 12.00
# Visual Studio Version 17
VisualStudioVersion = 17.0.31919.166
MinimumVisualStudioVersion = 10.0.40219.1
Project("{8BC9CEB8-8B4A-11D0-8D11-00A0C91BC942}") = "TestApp", "TestApp.vcxproj", "{EC9F5682-9521-4207-BBA3-8AC64148E309}"
EndProject
Global
	GlobalSection(SolutionConfigurationPlatforms) = preSolution
		Debug|x64 = Debug|x64
		Debug|x86 = Debug|x86
		Release|x64 = Release|x64
		Release|x86 = Release|x86
	EndGlobalSection
	GlobalSection(ProjectConfigurationPlatforms) = postSolution
		{EC9F5682-9521-4207-BBA3-8AC64148E309}.Debug|x64.ActiveCfg = Debug|x64
		{EC9F5682-9521-4207-BBA3-8AC64148E309}.Debug|x64.Build.0 = Debug|x64
		{EC9F5682-9521-4207-BBA3-8AC64148E309}.Debug|x86.ActiveCfg = Debug|Win32
		{EC9F5682-9521-4207-BBA3-8AC64148E309}.Debug|x86.Build.0 = Debug|Win32
		{EC9F5682-9521-4207-BBA3-8AC64148E309}.Release|x64.ActiveCfg = Release|x64
		{EC9F5682-9521-4207-BBA3-8AC64148E309}.Release|x64.Build.0 = Release|x64
		{EC9F5682-9521-4207-BBA3-8AC64148E309}.Release|x86.ActiveCfg = Release|Win32
		{EC9F5682-9521-4207-BBA3-8AC64148E309}.Release|x86.Build.0 = Release|Win32
	EndGlobalSection
	GlobalSection(SolutionProperties) = preSolution
		HideSolutionNode = FALSE
	EndGlobalSection
	GlobalSection(ExtensibilityGlobals) = postSolution
		SolutionGuid = {8A49A12E-A44F-4AD2-B6BE-66F5D1BEFEED}
	EndGlobalSection
EndGlobal
